
Microsoft Visual Studio Solution File, Format Version 12.00
# Visual Studio Version 16
VisualStudioVersion = 16.0.31313.79
MinimumVisualStudioVersion = 10.0.40219.1
Project("{FAE04EC0-301F-11D3-BF4B-00C04F79EFBC}") = "Nuvem3", "Nuvem3\Nuvem3.csproj", "{8D18832C-A16B-4587-87D6-1A10F2B33027}"
EndProject
Global
	GlobalSection(SolutionConfigurationPlatforms) = preSolution
		Debug|Any CPU = Debug|Any CPU
		Release|Any CPU = Release|Any CPU
	EndGlobalSection
	GlobalSection(ProjectConfigurationPlatforms) = postSolution
		{8D18832C-A16B-4587-87D6-1A10F2B33027}.Debug|Any CPU.ActiveCfg = Debug|Any CPU
		{8D18832C-A16B-4587-87D6-1A10F2B33027}.Debug|Any CPU.Build.0 = Debug|Any CPU
		{8D18832C-A16B-4587-87D6-1A10F2B33027}.Release|Any CPU.ActiveCfg = Release|Any CPU
		{8D18832C-A16B-4587-87D6-1A10F2B33027}.Release|Any CPU.Build.0 = Release|Any CPU
	EndGlobalSection
	GlobalSection(SolutionProperties) = preSolution
		HideSolutionNode = FALSE
	EndGlobalSection
	GlobalSection(ExtensibilityGlobals) = postSolution
		SolutionGuid = {1DF35277-CC2D-4692-A433-AD100C8FFB2D}
	EndGlobalSection
EndGlobal
