
Microsoft Visual Studio Solution File, Format Version 12.00
# Visual Studio Version 16
VisualStudioVersion = 16.0.31313.79
MinimumVisualStudioVersion = 10.0.40219.1
Project("{FAE04EC0-301F-11D3-BF4B-00C04F79EFBC}") = "AlgoritimoNuvem3", "AlgoritimoNuvem3\AlgoritimoNuvem3.csproj", "{1DD7C49C-DFEB-4D24-A018-FF98CF3B339B}"
EndProject
Global
	GlobalSection(SolutionConfigurationPlatforms) = preSolution
		Debug|Any CPU = Debug|Any CPU
		Release|Any CPU = Release|Any CPU
	EndGlobalSection
	GlobalSection(ProjectConfigurationPlatforms) = postSolution
		{1DD7C49C-DFEB-4D24-A018-FF98CF3B339B}.Debug|Any CPU.ActiveCfg = Debug|Any CPU
		{1DD7C49C-DFEB-4D24-A018-FF98CF3B339B}.Debug|Any CPU.Build.0 = Debug|Any CPU
		{1DD7C49C-DFEB-4D24-A018-FF98CF3B339B}.Release|Any CPU.ActiveCfg = Release|Any CPU
		{1DD7C49C-DFEB-4D24-A018-FF98CF3B339B}.Release|Any CPU.Build.0 = Release|Any CPU
	EndGlobalSection
	GlobalSection(SolutionProperties) = preSolution
		HideSolutionNode = FALSE
	EndGlobalSection
	GlobalSection(ExtensibilityGlobals) = postSolution
		SolutionGuid = {30C0C83E-F69D-479A-B1A2-322D54031787}
	EndGlobalSection
EndGlobal
